# This file is automatically @generated by Cargo.
# It is not intended for manual editing.
version = 3

[[package]]
name = "autocfg"
version = "1.1.0"
source = "registry+https://github.com/rust-lang/crates.io-index"
checksum = "d468802bab17cbc0cc575e9b053f41e72aa36bfa6b7f55e3529ffa43161b97fa"

[[package]]
name = "bitflags"
version = "1.2.1"
source = "registry+https://github.com/rust-lang/crates.io-index"
checksum = "cf1de2fe8c75bc145a2f577add951f8134889b4795d47466a54a5c846d691693"

[[package]]
name = "cc"
version = "1.0.29"
source = "registry+https://github.com/rust-lang/crates.io-index"
checksum = "4390a3b5f4f6bce9c1d0c00128379df433e53777fdd30e92f16a529332baec4e"

[[package]]
name = "cfg-if"
version = "1.0.0"
source = "registry+https://github.com/rust-lang/crates.io-index"
checksum = "baf1de4339761588bc0619e3cbc0120ee582ebb74b53b4efbf79117bd2da40fd"

[[package]]
name = "getopts"
version = "0.2.18"
source = "registry+https://github.com/rust-lang/crates.io-index"
checksum = "0a7292d30132fb5424b354f5dc02512a86e4c516fe544bb7a25e7f266951b797"
dependencies = [
 "unicode-width",
]

[[package]]
name = "libc"
version = "0.2.126"
source = "registry+https://github.com/rust-lang/crates.io-index"
checksum = "349d5a591cd28b49e1d1037471617a32ddcda5731b99419008085f72d5a53836"

[[package]]
name = "memoffset"
version = "0.6.5"
source = "registry+https://github.com/rust-lang/crates.io-index"
checksum = "5aa361d4faea93603064a027415f07bd8e1d5c88c9fbf68bf56a285428fd79ce"
dependencies = [
 "autocfg",
]

[[package]]
name = "nix"
version = "0.20.2"
source = "registry+https://github.com/rust-lang/crates.io-index"
checksum = "f5e06129fb611568ef4e868c14b326274959aa70ff7776e9d55323531c374945"
dependencies = [
 "bitflags",
 "cc",
 "cfg-if",
 "libc",
 "memoffset",
]

[[package]]
name = "ptools"
version = "0.2.0"
dependencies = [
 "getopts",
 "libc",
 "nix",
]

[[package]]
name = "unicode-width"
version = "0.1.5"
source = "registry+https://github.com/rust-lang/crates.io-index"
checksum = "882386231c45df4700b275c7ff55b6f3698780a650026380e72dabe76fa46526"
